
Microsoft Visual Studio Solution File, Format Version 12.00
# Visual Studio 2012
Project("{FAE04EC0-301F-11D3-BF4B-00C04F79EFBC}") = "WifiAuth", "WifiAuth\WifiAuth.csproj", "{0C8F95C6-EB8D-424C-9580-B8903E910F1D}"
EndProject
Global
	GlobalSection(SolutionConfigurationPlatforms) = preSolution
		Debug|Any CPU = Debug|Any CPU
		Release|Any CPU = Release|Any CPU
	EndGlobalSection
	GlobalSection(ProjectConfigurationPlatforms) = postSolution
		{0C8F95C6-EB8D-424C-9580-B8903E910F1D}.Debug|Any CPU.ActiveCfg = Debug|Any CPU
		{0C8F95C6-EB8D-424C-9580-B8903E910F1D}.Debug|Any CPU.Build.0 = Debug|Any CPU
		{0C8F95C6-EB8D-424C-9580-B8903E910F1D}.Release|Any CPU.ActiveCfg = Release|Any CPU
		{0C8F95C6-EB8D-424C-9580-B8903E910F1D}.Release|Any CPU.Build.0 = Release|Any CPU
	EndGlobalSection
EndGlobal
